version: 2.0
shards:
  blueprint:
    git: https://github.com/stephannv/blueprint.git
    version: 1.1.0

  html_builder:
    git: https://github.com/crystal-lang/html_builder.git
    version: 0.2.2

  markout:
    git: https://github.com/grottopress/markout.git
    version: 1.1.2

  water:
    git: https://github.com/shootingfly/water.git
    version: 1.0.0

